GEM
  remote: https://rubygems.org/
  specs:
    dotenv (2.8.1)
    fileutils (1.7.3)
    json (2.12.0)
    logger (1.7.0)
    net-http (0.6.0)
      uri
    rubyzip (2.4.1)
    sqlite3 (1.7.3-aarch64-linux)
    sqlite3 (1.7.3-arm-linux)
    sqlite3 (1.7.3-arm64-darwin)
    sqlite3 (1.7.3-x86-linux)
    sqlite3 (1.7.3-x86_64-darwin)
    sqlite3 (1.7.3-x86_64-linux)
    uri (1.0.3)

PLATFORMS
  aarch64-linux
  arm-linux
  arm64-darwin
  x86-linux
  x86_64-darwin
  x86_64-linux

DEPENDENCIES
  dotenv (~> 2.8)
  fileutils (~> 1.7)
  json (~> 2.6)
  logger (~> 1.5)
  net-http (~> 0.2)
  rubyzip (~> 2.3)
  sqlite3 (~> 1.6)

BUNDLED WITH
   2.6.5
