GEM
  remote: https://rubygems.org/
  specs:
    diff-lcs (1.6.2)
    dotenv (3.2.0)
    fileutils (1.8.0)
    json (2.20.0)
    logger (1.7.0)
    net-http (0.9.1)
      uri (>= 0.11.1)
    rspec (3.13.2)
      rspec-core (~> 3.13.0)
      rspec-expectations (~> 3.13.0)
      rspec-mocks (~> 3.13.0)
    rspec-core (3.13.6)
      rspec-support (~> 3.13.0)
    rspec-expectations (3.13.5)
      diff-lcs (>= 1.2.0, < 2.0)
      rspec-support (~> 3.13.0)
    rspec-mocks (3.13.8)
      diff-lcs (>= 1.2.0, < 2.0)
      rspec-support (~> 3.13.0)
    rspec-support (3.13.7)
    rubyzip (3.4.1)
    sqlite3 (2.9.5-aarch64-linux-gnu)
    sqlite3 (2.9.5-arm-linux-gnu)
    sqlite3 (2.9.5-arm64-darwin)
    sqlite3 (2.9.5-x86-linux-gnu)
    sqlite3 (2.9.5-x86_64-darwin)
    sqlite3 (2.9.5-x86_64-linux-gnu)
    uri (1.1.1)
    warning (1.6.0)
    yard (0.9.44)
    yard-lint (1.9.0)
      yard (~> 0.9)
      zeitwerk (~> 2.6)
    zeitwerk (2.8.2)

PLATFORMS
  aarch64-linux
  arm-linux
  arm64-darwin
  x86-linux
  x86_64-darwin
  x86_64-linux

DEPENDENCIES
  dotenv (~> 3.0)
  fileutils (~> 1.7)
  json (~> 2.6)
  logger (~> 1.5)
  net-http (~> 0.2)
  rspec (~> 3.13)
  rubyzip (~> 3.0)
  sqlite3 (~> 2.0)
  warning
  yard-lint

BUNDLED WITH
  4.0.0
